// !$*UTF8*$!
{
	archiveVersion = 1;
	classes = {
	};
	objectVersion = 46;
	objects = {

/* Begin PBXBuildFile section */
		BB2F4DFD1C11AE4600BBEFBC /* AppDelegate.swift in Sources */ = {isa = PBXBuildFile; fileRef = BB2F4DFC1C11AE4600BBEFBC /* AppDelegate.swift */; };
		BB2F4DFF1C11AE4600BBEFBC /* ViewController.swift in Sources */ = {isa = PBXBuildFile; fileRef = BB2F4DFE1C11AE4600BBEFBC /* ViewController.swift */; };
		BB2F4E021C11AE4600BBEFBC /* Main.storyboard in Resources */ = {isa = PBXBuildFile; fileRef = BB2F4E001C11AE4600BBEFBC /* Main.storyboard */; };
		BB2F4E041C11AE4600BBEFBC /* Assets.xcassets in Resources */ = {isa = PBXBuildFile; fileRef = BB2F4E031C11AE4600BBEFBC /* Assets.xcassets */; };
		BB2F4E071C11AE4600BBEFBC /* LaunchScreen.storyboard in Resources */ = {isa = PBXBuildFile; fileRef = BB2F4E051C11AE4600BBEFBC /* LaunchScreen.storyboard */; };
		BB2F4E141C11AE8000BBEFBC /* PMCalendarView.framework in Frameworks */ = {isa = PBXBuildFile; fileRef = BB2F4E131C11AE7800BBEFBC /* PMCalendarView.framework */; };
		BB2F4E151C11AE8000BBEFBC /* PMCalendarView.framework in Embed Frameworks */ = {isa = PBXBuildFile; fileRef = BB2F4E131C11AE7800BBEFBC /* PMCalendarView.framework */; settings = {ATTRIBUTES = (CodeSignOnCopy, RemoveHeadersOnCopy, ); }; };
/* End PBXBuildFile section */

/* Begin PBXContainerItemProxy section */
		BB2F4E121C11AE7800BBEFBC /* PBXContainerItemProxy */ = {
			isa = PBXContainerItemProxy;
			containerPortal = BB2F4E0E1C11AE7800BBEFBC /* PMCalendarView.xcodeproj */;
			proxyType = 2;
			remoteGlobalIDString = BB2F4DBA1C11AAA400BBEFBC;
			remoteInfo = PMCalendarView;
		};
		BB2F4E161C11AE8000BBEFBC /* PBXContainerItemProxy */ = {
			isa = PBXContainerItemProxy;
			containerPortal = BB2F4E0E1C11AE7800BBEFBC /* PMCalendarView.xcodeproj */;
			proxyType = 1;
			remoteGlobalIDString = BB2F4DB91C11AAA400BBEFBC;
			remoteInfo = PMCalendarView;
		};
/* End PBXContainerItemProxy section */

/* Begin PBXCopyFilesBuildPhase section */
		BB2F4E181C11AE8000BBEFBC /* Embed Frameworks */ = {
			isa = PBXCopyFilesBuildPhase;
			buildActionMask = 2147483647;
			dstPath = "";
			dstSubfolderSpec = 10;
			files = (
				BB2F4E151C11AE8000BBEFBC /* PMCalendarView.framework in Embed Frameworks */,
			);
			name = "Embed Frameworks";
			runOnlyForDeploymentPostprocessing = 0;
		};
/* End PBXCopyFilesBuildPhase section */

/* Begin PBXFileReference section */
		BB2F4DF91C11AE4600BBEFBC /* PMCalendarViewDemo.app */ = {isa = PBXFileReference; explicitFileType = wrapper.application; includeInIndex = 0; path = PMCalendarViewDemo.app; sourceTree = BUILT_PRODUCTS_DIR; };
		BB2F4DFC1C11AE4600BBEFBC /* AppDelegate.swift */ = {isa = PBXFileReference; lastKnownFileType = sourcecode.swift; path = AppDelegate.swift; sourceTree = "<group>"; };
		BB2F4DFE1C11AE4600BBEFBC /* ViewController.swift */ = {isa = PBXFileReference; lastKnownFileType = sourcecode.swift; path = ViewController.swift; sourceTree = "<group>"; };
		BB2F4E011C11AE4600BBEFBC /* Base */ = {isa = PBXFileReference; lastKnownFileType = file.storyboard; name = Base; path = Base.lproj/Main.storyboard; sourceTree = "<group>"; };
		BB2F4E031C11AE4600BBEFBC /* Assets.xcassets */ = {isa = PBXFileReference; lastKnownFileType = folder.assetcatalog; path = Assets.xcassets; sourceTree = "<group>"; };
		BB2F4E061C11AE4600BBEFBC /* Base */ = {isa = PBXFileReference; lastKnownFileType = file.storyboard; name = Base; path = Base.lproj/LaunchScreen.storyboard; sourceTree = "<group>"; };
		BB2F4E081C11AE4600BBEFBC /* Info.plist */ = {isa = PBXFileReference; lastKnownFileType = text.plist.xml; path = Info.plist; sourceTree = "<group>"; };
		BB2F4E0E1C11AE7800BBEFBC /* PMCalendarView.xcodeproj */ = {isa = PBXFileReference; lastKnownFileType = "wrapper.pb-project"; name = PMCalendarView.xcodeproj; path = ../PMCalendarView/PMCalendarView.xcodeproj; sourceTree = "<group>"; };
/* End PBXFileReference section */

/* Begin PBXFrameworksBuildPhase section */
		BB2F4DF61C11AE4600BBEFBC /* Frameworks */ = {
			isa = PBXFrameworksBuildPhase;
			buildActionMask = 2147483647;
			files = (
				BB2F4E141C11AE8000BBEFBC /* PMCalendarView.framework in Frameworks */,
			);
			runOnlyForDeploymentPostprocessing = 0;
		};
/* End PBXFrameworksBuildPhase section */

/* Begin PBXGroup section */
		BB2F4DF01C11AE4600BBEFBC = {
			isa = PBXGroup;
			children = (
				BB2F4E0E1C11AE7800BBEFBC /* PMCalendarView.xcodeproj */,
				BB2F4DFB1C11AE4600BBEFBC /* PMCalendarViewDemo */,
				BB2F4DFA1C11AE4600BBEFBC /* Products */,
			);
			sourceTree = "<group>";
		};
		BB2F4DFA1C11AE4600BBEFBC /* Products */ = {
			isa = PBXGroup;
			children = (
				BB2F4DF91C11AE4600BBEFBC /* PMCalendarViewDemo.app */,
			);
			name = Products;
			sourceTree = "<group>";
		};
		BB2F4DFB1C11AE4600BBEFBC /* PMCalendarViewDemo */ = {
			isa = PBXGroup;
			children = (
				BB2F4DFC1C11AE4600BBEFBC /* AppDelegate.swift */,
				BB2F4DFE1C11AE4600BBEFBC /* ViewController.swift */,
				BB2F4E001C11AE4600BBEFBC /* Main.storyboard */,
				BB2F4E031C11AE4600BBEFBC /* Assets.xcassets */,
				BB2F4E051C11AE4600BBEFBC /* LaunchScreen.storyboard */,
				BB2F4E081C11AE4600BBEFBC /* Info.plist */,
			);
			path = PMCalendarViewDemo;
			sourceTree = "<group>";
		};
		BB2F4E0F1C11AE7800BBEFBC /* Products */ = {
			isa = PBXGroup;
			children = (
				BB2F4E131C11AE7800BBEFBC /* PMCalendarView.framework */,
			);
			name = Products;
			sourceTree = "<group>";
		};
/* End PBXGroup section */

/* Begin PBXNativeTarget section */
		BB2F4DF81C11AE4600BBEFBC /* PMCalendarViewDemo */ = {
			isa = PBXNativeTarget;
			buildConfigurationList = BB2F4E0B1C11AE4600BBEFBC /* Build configuration list for PBXNativeTarget "PMCalendarViewDemo" */;
			buildPhases = (
				BB2F4DF51C11AE4600BBEFBC /* Sources */,
				BB2F4DF61C11AE4600BBEFBC /* Frameworks */,
				BB2F4DF71C11AE4600BBEFBC /* Resources */,
				BB2F4E181C11AE8000BBEFBC /* Embed Frameworks */,
			);
			buildRules = (
			);
			dependencies = (
				BB2F4E171C11AE8000BBEFBC /* PBXTargetDependency */,
			);
			name = PMCalendarViewDemo;
			productName = PMCalendarViewDemo;
			productReference = BB2F4DF91C11AE4600BBEFBC /* PMCalendarViewDemo.app */;
			productType = "com.apple.product-type.application";
		};
/* End PBXNativeTarget section */

/* Begin PBXProject section */
		BB2F4DF11C11AE4600BBEFBC /* Project object */ = {
			isa = PBXProject;
			attributes = {
				LastSwiftUpdateCheck = 0710;
				LastUpgradeCheck = 0710;
				ORGANIZATIONNAME = "Alireza Kamali";
				TargetAttributes = {
					BB2F4DF81C11AE4600BBEFBC = {
						CreatedOnToolsVersion = 7.1;
					};
				};
			};
			buildConfigurationList = BB2F4DF41C11AE4600BBEFBC /* Build configuration list for PBXProject "PMCalendarViewDemo" */;
			compatibilityVersion = "Xcode 3.2";
			developmentRegion = English;
			hasScannedForEncodings = 0;
			knownRegions = (
				en,
				Base,
			);
			mainGroup = BB2F4DF01C11AE4600BBEFBC;
			productRefGroup = BB2F4DFA1C11AE4600BBEFBC /* Products */;
			projectDirPath = "";
			projectReferences = (
				{
					ProductGroup = BB2F4E0F1C11AE7800BBEFBC /* Products */;
					ProjectRef = BB2F4E0E1C11AE7800BBEFBC /* PMCalendarView.xcodeproj */;
				},
			);
			projectRoot = "";
			targets = (
				BB2F4DF81C11AE4600BBEFBC /* PMCalendarViewDemo */,
			);
		};
/* End PBXProject section */

/* Begin PBXReferenceProxy section */
		BB2F4E131C11AE7800BBEFBC /* PMCalendarView.framework */ = {
			isa = PBXReferenceProxy;
			fileType = wrapper.framework;
			path = PMCalendarView.framework;
			remoteRef = BB2F4E121C11AE7800BBEFBC /* PBXContainerItemProxy */;
			sourceTree = BUILT_PRODUCTS_DIR;
		};
/* End PBXReferenceProxy section */

/* Begin PBXResourcesBuildPhase section */
		BB2F4DF71C11AE4600BBEFBC /* Resources */ = {
			isa = PBXResourcesBuildPhase;
			buildActionMask = 2147483647;
			files = (
				BB2F4E071C11AE4600BBEFBC /* LaunchScreen.storyboard in Resources */,
				BB2F4E041C11AE4600BBEFBC /* Assets.xcassets in Resources */,
				BB2F4E021C11AE4600BBEFBC /* Main.storyboard in Resources */,
			);
			runOnlyForDeploymentPostprocessing = 0;
		};
/* End PBXResourcesBuildPhase section */

/* Begin PBXSourcesBuildPhase section */
		BB2F4DF51C11AE4600BBEFBC /* Sources */ = {
			isa = PBXSourcesBuildPhase;
			buildActionMask = 2147483647;
			files = (
				BB2F4DFF1C11AE4600BBEFBC /* ViewController.swift in Sources */,
				BB2F4DFD1C11AE4600BBEFBC /* AppDelegate.swift in Sources */,
			);
			runOnlyForDeploymentPostprocessing = 0;
		};
/* End PBXSourcesBuildPhase section */

/* Begin PBXTargetDependency section */
		BB2F4E171C11AE8000BBEFBC /* PBXTargetDependency */ = {
			isa = PBXTargetDependency;
			name = PMCalendarView;
			targetProxy = BB2F4E161C11AE8000BBEFBC /* PBXContainerItemProxy */;
		};
/* End PBXTargetDependency section */

/* Begin PBXVariantGroup section */
		BB2F4E001C11AE4600BBEFBC /* Main.storyboard */ = {
			isa = PBXVariantGroup;
			children = (
				BB2F4E011C11AE4600BBEFBC /* Base */,
			);
			name = Main.storyboard;
			sourceTree = "<group>";
		};
		BB2F4E051C11AE4600BBEFBC /* LaunchScreen.storyboard */ = {
			isa = PBXVariantGroup;
			children = (
				BB2F4E061C11AE4600BBEFBC /* Base */,
			);
			name = LaunchScreen.storyboard;
			sourceTree = "<group>";
		};
/* End PBXVariantGroup section */

/* Begin XCBuildConfiguration section */
		BB2F4E091C11AE4600BBEFBC /* Debug */ = {
			isa = XCBuildConfiguration;
			buildSettings = {
				ALWAYS_SEARCH_USER_PATHS = NO;
				CLANG_CXX_LANGUAGE_STANDARD = "gnu++0x";
				CLANG_CXX_LIBRARY = "libc++";
				CLANG_ENABLE_MODULES = YES;
				CLANG_ENABLE_OBJC_ARC = YES;
				CLANG_WARN_BOOL_CONVERSION = YES;
				CLANG_WARN_CONSTANT_CONVERSION = YES;
				CLANG_WARN_DIRECT_OBJC_ISA_USAGE = YES_ERROR;
				CLANG_WARN_EMPTY_BODY = YES;
				CLANG_WARN_ENUM_CONVERSION = YES;
				CLANG_WARN_INT_CONVERSION = YES;
				CLANG_WARN_OBJC_ROOT_CLASS = YES_ERROR;
				CLANG_WARN_UNREACHABLE_CODE = YES;
				CLANG_WARN__DUPLICATE_METHOD_MATCH = YES;
				"CODE_SIGN_IDENTITY[sdk=iphoneos*]" = "iPhone Developer";
				COPY_PHASE_STRIP = NO;
				DEBUG_INFORMATION_FORMAT = dwarf;
				ENABLE_STRICT_OBJC_MSGSEND = YES;
				ENABLE_TESTABILITY = YES;
				GCC_C_LANGUAGE_STANDARD = gnu99;
				GCC_DYNAMIC_NO_PIC = NO;
				GCC_NO_COMMON_BLOCKS = YES;
				GCC_OPTIMIZATION_LEVEL = 0;
				GCC_PREPROCESSOR_DEFINITIONS = (
					"DEBUG=1",
					"$(inherited)",
				);
				GCC_WARN_64_TO_32_BIT_CONVERSION = YES;
				GCC_WARN_ABOUT_RETURN_TYPE = YES_ERROR;
				GCC_WARN_UNDECLARED_SELECTOR = YES;
				GCC_WARN_UNINITIALIZED_AUTOS = YES_AGGRESSIVE;
				GCC_WARN_UNUSED_FUNCTION = YES;
				GCC_WARN_UNUSED_VARIABLE = YES;
				IPHONEOS_DEPLOYMENT_TARGET = 8.0;
				MTL_ENABLE_DEBUG_INFO = YES;
				ONLY_ACTIVE_ARCH = YES;
				SDKROOT = iphoneos;
				SWIFT_OPTIMIZATION_LEVEL = "-Onone";
				TARGETED_DEVICE_FAMILY = "1,2";
			};
			name = Debug;
		};
		BB2F4E0A1C11AE4600BBEFBC /* Release */ = {
			isa = XCBuildConfiguration;
			buildSettings = {
				ALWAYS_SEARCH_USER_PATHS = NO;
				CLANG_CXX_LANGUAGE_STANDARD = "gnu++0x";
				CLANG_CXX_LIBRARY = "libc++";
				CLANG_ENABLE_MODULES = YES;
				CLANG_ENABLE_OBJC_ARC = YES;
				CLANG_WARN_BOOL_CONVERSION = YES;
				CLANG_WARN_CONSTANT_CONVERSION = YES;
				CLANG_WARN_DIRECT_OBJC_ISA_USAGE = YES_ERROR;
				CLANG_WARN_EMPTY_BODY = YES;
				CLANG_WARN_ENUM_CONVERSION = YES;
				CLANG_WARN_INT_CONVERSION = YES;
				CLANG_WARN_OBJC_ROOT_CLASS = YES_ERROR;
				CLANG_WARN_UNREACHABLE_CODE = YES;
				CLANG_WARN__DUPLICATE_METHOD_MATCH = YES;
				"CODE_SIGN_IDENTITY[sdk=iphoneos*]" = "iPhone Developer";
				COPY_PHASE_STRIP = NO;
				DEBUG_INFORMATION_FORMAT = "dwarf-with-dsym";
				ENABLE_NS_ASSERTIONS = NO;
				ENABLE_STRICT_OBJC_MSGSEND = YES;
				GCC_C_LANGUAGE_STANDARD = gnu99;
				GCC_NO_COMMON_BLOCKS = YES;
				GCC_WARN_64_TO_32_BIT_CONVERSION = YES;
				GCC_WARN_ABOUT_RETURN_TYPE = YES_ERROR;
				GCC_WARN_UNDECLARED_SELECTOR = YES;
				GCC_WARN_UNINITIALIZED_AUTOS = YES_AGGRESSIVE;
				GCC_WARN_UNUSED_FUNCTION = YES;
				GCC_WARN_UNUSED_VARIABLE = YES;
				IPHONEOS_DEPLOYMENT_TARGET = 8.0;
				MTL_ENABLE_DEBUG_INFO = NO;
				SDKROOT = iphoneos;
				TARGETED_DEVICE_FAMILY = "1,2";
				VALIDATE_PRODUCT = YES;
			};
			name = Release;
		};
		BB2F4E0C1C11AE4600BBEFBC /* Debug */ = {
			isa = XCBuildConfiguration;
			buildSettings = {
				ASSETCATALOG_COMPILER_APPICON_NAME = AppIcon;
				CODE_SIGN_IDENTITY = "iPhone Developer";
				EMBEDDED_CONTENT_CONTAINS_SWIFT = YES;
				INFOPLIST_FILE = PMCalendarViewDemo/Info.plist;
				LD_RUNPATH_SEARCH_PATHS = "$(inherited) @executable_path/Frameworks";
				PRODUCT_BUNDLE_IDENTIFIER = com.peymayesh.PMCalendarViewDemo;
				PRODUCT_NAME = "$(TARGET_NAME)";
			};
			name = Debug;
		};
		BB2F4E0D1C11AE4600BBEFBC /* Release */ = {
			isa = XCBuildConfiguration;
			buildSettings = {
				ASSETCATALOG_COMPILER_APPICON_NAME = AppIcon;
				CODE_SIGN_IDENTITY = "iPhone Developer";
				EMBEDDED_CONTENT_CONTAINS_SWIFT = YES;
				INFOPLIST_FILE = PMCalendarViewDemo/Info.plist;
				LD_RUNPATH_SEARCH_PATHS = "$(inherited) @executable_path/Frameworks";
				PRODUCT_BUNDLE_IDENTIFIER = com.peymayesh.PMCalendarViewDemo;
				PRODUCT_NAME = "$(TARGET_NAME)";
			};
			name = Release;
		};
/* End XCBuildConfiguration section */

/* Begin XCConfigurationList section */
		BB2F4DF41C11AE4600BBEFBC /* Build configuration list for PBXProject "PMCalendarViewDemo" */ = {
			isa = XCConfigurationList;
			buildConfigurations = (
				BB2F4E091C11AE4600BBEFBC /* Debug */,
				BB2F4E0A1C11AE4600BBEFBC /* Release */,
			);
			defaultConfigurationIsVisible = 0;
			defaultConfigurationName = Release;
		};
		BB2F4E0B1C11AE4600BBEFBC /* Build configuration list for PBXNativeTarget "PMCalendarViewDemo" */ = {
			isa = XCConfigurationList;
			buildConfigurations = (
				BB2F4E0C1C11AE4600BBEFBC /* Debug */,
				BB2F4E0D1C11AE4600BBEFBC /* Release */,
			);
			defaultConfigurationIsVisible = 0;
			defaultConfigurationName = Release;
		};
/* End XCConfigurationList section */
	};
	rootObject = BB2F4DF11C11AE4600BBEFBC /* Project object */;
}
